
Microsoft Visual Studio Solution File, Format Version 12.00
# Visual Studio 14
VisualStudioVersion = 14.0.25420.1
MinimumVisualStudioVersion = 10.0.40219.1
Project("{FAE04EC0-301F-11D3-BF4B-00C04F79EFBC}") = "Raet.Recruitment.Algorithmic.StringCompression", "Raet.Recruitment.Algorithmic.StringCompression\Raet.Recruitment.Algorithmic.StringCompression.csproj", "{3B3081D6-3723-4FE1-B71E-9550043F02CD}"
EndProject
Project("{FAE04EC0-301F-11D3-BF4B-00C04F79EFBC}") = "Raet.Recruitment.Desing.ChatService", "Raet.Recruitment.Desing.ChatService\Raet.Recruitment.Desing.ChatService.csproj", "{31573020-4312-4C87-98F3-8BC360B429BD}"
EndProject
Project("{FAE04EC0-301F-11D3-BF4B-00C04F79EFBC}") = "Raet.Recruitment.Refactoring.Shapes", "Raet.Recruitment.Refactoring.Shapes\Raet.Recruitment.Refactoring.Shapes.csproj", "{3B97E260-350D-4B92-9ECB-A5EA659F892E}"
EndProject
Project("{2150E333-8FDC-42A3-9474-1A3956D46DE8}") = "1", "1", "{04D31B80-DEFB-4D92-9097-5A4F24840EE8}"
EndProject
Project("{2150E333-8FDC-42A3-9474-1A3956D46DE8}") = "2", "2", "{C365EB98-2D39-4F3A-9028-BC71F8610EF7}"
EndProject
Project("{2150E333-8FDC-42A3-9474-1A3956D46DE8}") = "3", "3", "{EDBDBD31-1BEB-41FD-8A95-179E1F3D393E}"
EndProject
Project("{FAE04EC0-301F-11D3-BF4B-00C04F79EFBC}") = "Raet.Recruitment.Desing.ChatService.Repository", "Raet.Recruitment.Desing.ChatService.Repository\Raet.Recruitment.Desing.ChatService.Repository.csproj", "{2241B5F2-062D-4EEC-A8CA-146F785BB4C9}"
EndProject
Project("{FAE04EC0-301F-11D3-BF4B-00C04F79EFBC}") = "Raet.Recruitment.Desing.ChatService.BusinessLayer", "Raet.Recruitment.Desing.ChatService.BusinessLayer\Raet.Recruitment.Desing.ChatService.BusinessLayer.csproj", "{13D2BC81-376B-450C-82A7-0A0BE415F1C4}"
EndProject
Project("{FAE04EC0-301F-11D3-BF4B-00C04F79EFBC}") = "Raet.Recruitment.Desing.ChatService.Wcf", "Raet.Recruitment.Desing.ChatService.Wcf\Raet.Recruitment.Desing.ChatService.Wcf.csproj", "{3CB45700-B92D-477D-9229-BE511B2D044A}"
EndProject
Project("{FAE04EC0-301F-11D3-BF4B-00C04F79EFBC}") = "Raet.Recruitment.Desing.ChatService.Model", "Raet.Recruitment.Desing.ChatService.Model\Raet.Recruitment.Desing.ChatService.Model.csproj", "{1FF69821-18BA-4E06-BEE8-38A140DB68C7}"
EndProject
Project("{FAE04EC0-301F-11D3-BF4B-00C04F79EFBC}") = "Raet.Recruitment.Desing.ChatService.Interfaces", "Raet.Recruitment.Desing.ChatService.Interfaces\Raet.Recruitment.Desing.ChatService.Interfaces.csproj", "{6AA242A6-A85E-46F8-9B9C-157CC7FF5195}"
EndProject
Project("{FAE04EC0-301F-11D3-BF4B-00C04F79EFBC}") = "Raet.Recruitment.Desing.ChatService.Repository.Test", "Raet.Recruitment.Desing.ChatService.Repository.Test\Raet.Recruitment.Desing.ChatService.Repository.Test.csproj", "{A9CDDC4A-068F-4679-9355-6CFFF84CF4EE}"
EndProject
Project("{FAE04EC0-301F-11D3-BF4B-00C04F79EFBC}") = "Raet.Recruitment.Desing.ChatService.MvcUI", "Raet.Recruitment.Desing.ChatService.MvcUI\Raet.Recruitment.Desing.ChatService.MvcUI.csproj", "{D5AB3541-F915-4747-9C13-50F38F810AE3}"
EndProject
Project("{FAE04EC0-301F-11D3-BF4B-00C04F79EFBC}") = "Raet.Recruitment.Desing.ChatService.Core", "Raet.Recruitment.Desing.ChatService.Core\Raet.Recruitment.Desing.ChatService.Core.csproj", "{2E1F9429-FB45-4478-8FBE-196A3391CC98}"
EndProject
Project("{2150E333-8FDC-42A3-9474-1A3956D46DE8}") = "4", "4", "{4CAEF970-61EB-4A08-9F38-94A3543CF2F2}"
EndProject
Project("{FAE04EC0-301F-11D3-BF4B-00C04F79EFBC}") = "PracticeAlgo.FilePath", "PracticeAlgo.FilePath\PracticeAlgo.FilePath.csproj", "{79124386-2E56-4A93-9CC7-588928F8C54A}"
EndProject
Global
	GlobalSection(SolutionConfigurationPlatforms) = preSolution
		Debug|Any CPU = Debug|Any CPU
		Release|Any CPU = Release|Any CPU
	EndGlobalSection
	GlobalSection(ProjectConfigurationPlatforms) = postSolution
		{3B3081D6-3723-4FE1-B71E-9550043F02CD}.Debug|Any CPU.ActiveCfg = Debug|Any CPU
		{3B3081D6-3723-4FE1-B71E-9550043F02CD}.Debug|Any CPU.Build.0 = Debug|Any CPU
		{3B3081D6-3723-4FE1-B71E-9550043F02CD}.Release|Any CPU.ActiveCfg = Release|Any CPU
		{3B3081D6-3723-4FE1-B71E-9550043F02CD}.Release|Any CPU.Build.0 = Release|Any CPU
		{31573020-4312-4C87-98F3-8BC360B429BD}.Debug|Any CPU.ActiveCfg = Debug|Any CPU
		{31573020-4312-4C87-98F3-8BC360B429BD}.Debug|Any CPU.Build.0 = Debug|Any CPU
		{31573020-4312-4C87-98F3-8BC360B429BD}.Release|Any CPU.ActiveCfg = Release|Any CPU
		{31573020-4312-4C87-98F3-8BC360B429BD}.Release|Any CPU.Build.0 = Release|Any CPU
		{3B97E260-350D-4B92-9ECB-A5EA659F892E}.Debug|Any CPU.ActiveCfg = Debug|Any CPU
		{3B97E260-350D-4B92-9ECB-A5EA659F892E}.Debug|Any CPU.Build.0 = Debug|Any CPU
		{3B97E260-350D-4B92-9ECB-A5EA659F892E}.Release|Any CPU.ActiveCfg = Release|Any CPU
		{3B97E260-350D-4B92-9ECB-A5EA659F892E}.Release|Any CPU.Build.0 = Release|Any CPU
		{2241B5F2-062D-4EEC-A8CA-146F785BB4C9}.Debug|Any CPU.ActiveCfg = Debug|Any CPU
		{2241B5F2-062D-4EEC-A8CA-146F785BB4C9}.Debug|Any CPU.Build.0 = Debug|Any CPU
		{2241B5F2-062D-4EEC-A8CA-146F785BB4C9}.Release|Any CPU.ActiveCfg = Release|Any CPU
		{2241B5F2-062D-4EEC-A8CA-146F785BB4C9}.Release|Any CPU.Build.0 = Release|Any CPU
		{13D2BC81-376B-450C-82A7-0A0BE415F1C4}.Debug|Any CPU.ActiveCfg = Debug|Any CPU
		{13D2BC81-376B-450C-82A7-0A0BE415F1C4}.Debug|Any CPU.Build.0 = Debug|Any CPU
		{13D2BC81-376B-450C-82A7-0A0BE415F1C4}.Release|Any CPU.ActiveCfg = Release|Any CPU
		{13D2BC81-376B-450C-82A7-0A0BE415F1C4}.Release|Any CPU.Build.0 = Release|Any CPU
		{3CB45700-B92D-477D-9229-BE511B2D044A}.Debug|Any CPU.ActiveCfg = Debug|Any CPU
		{3CB45700-B92D-477D-9229-BE511B2D044A}.Debug|Any CPU.Build.0 = Debug|Any CPU
		{3CB45700-B92D-477D-9229-BE511B2D044A}.Release|Any CPU.ActiveCfg = Release|Any CPU
		{3CB45700-B92D-477D-9229-BE511B2D044A}.Release|Any CPU.Build.0 = Release|Any CPU
		{1FF69821-18BA-4E06-BEE8-38A140DB68C7}.Debug|Any CPU.ActiveCfg = Debug|Any CPU
		{1FF69821-18BA-4E06-BEE8-38A140DB68C7}.Debug|Any CPU.Build.0 = Debug|Any CPU
		{1FF69821-18BA-4E06-BEE8-38A140DB68C7}.Release|Any CPU.ActiveCfg = Release|Any CPU
		{1FF69821-18BA-4E06-BEE8-38A140DB68C7}.Release|Any CPU.Build.0 = Release|Any CPU
		{6AA242A6-A85E-46F8-9B9C-157CC7FF5195}.Debug|Any CPU.ActiveCfg = Debug|Any CPU
		{6AA242A6-A85E-46F8-9B9C-157CC7FF5195}.Debug|Any CPU.Build.0 = Debug|Any CPU
		{6AA242A6-A85E-46F8-9B9C-157CC7FF5195}.Release|Any CPU.ActiveCfg = Release|Any CPU
		{6AA242A6-A85E-46F8-9B9C-157CC7FF5195}.Release|Any CPU.Build.0 = Release|Any CPU
		{A9CDDC4A-068F-4679-9355-6CFFF84CF4EE}.Debug|Any CPU.ActiveCfg = Debug|Any CPU
		{A9CDDC4A-068F-4679-9355-6CFFF84CF4EE}.Debug|Any CPU.Build.0 = Debug|Any CPU
		{A9CDDC4A-068F-4679-9355-6CFFF84CF4EE}.Release|Any CPU.ActiveCfg = Release|Any CPU
		{A9CDDC4A-068F-4679-9355-6CFFF84CF4EE}.Release|Any CPU.Build.0 = Release|Any CPU
		{D5AB3541-F915-4747-9C13-50F38F810AE3}.Debug|Any CPU.ActiveCfg = Debug|Any CPU
		{D5AB3541-F915-4747-9C13-50F38F810AE3}.Debug|Any CPU.Build.0 = Debug|Any CPU
		{D5AB3541-F915-4747-9C13-50F38F810AE3}.Release|Any CPU.ActiveCfg = Release|Any CPU
		{D5AB3541-F915-4747-9C13-50F38F810AE3}.Release|Any CPU.Build.0 = Release|Any CPU
		{2E1F9429-FB45-4478-8FBE-196A3391CC98}.Debug|Any CPU.ActiveCfg = Debug|Any CPU
		{2E1F9429-FB45-4478-8FBE-196A3391CC98}.Debug|Any CPU.Build.0 = Debug|Any CPU
		{2E1F9429-FB45-4478-8FBE-196A3391CC98}.Release|Any CPU.ActiveCfg = Release|Any CPU
		{2E1F9429-FB45-4478-8FBE-196A3391CC98}.Release|Any CPU.Build.0 = Release|Any CPU
		{79124386-2E56-4A93-9CC7-588928F8C54A}.Debug|Any CPU.ActiveCfg = Debug|Any CPU
		{79124386-2E56-4A93-9CC7-588928F8C54A}.Debug|Any CPU.Build.0 = Debug|Any CPU
		{79124386-2E56-4A93-9CC7-588928F8C54A}.Release|Any CPU.ActiveCfg = Release|Any CPU
		{79124386-2E56-4A93-9CC7-588928F8C54A}.Release|Any CPU.Build.0 = Release|Any CPU
	EndGlobalSection
	GlobalSection(SolutionProperties) = preSolution
		HideSolutionNode = FALSE
	EndGlobalSection
	GlobalSection(NestedProjects) = preSolution
		{3B3081D6-3723-4FE1-B71E-9550043F02CD} = {04D31B80-DEFB-4D92-9097-5A4F24840EE8}
		{31573020-4312-4C87-98F3-8BC360B429BD} = {EDBDBD31-1BEB-41FD-8A95-179E1F3D393E}
		{3B97E260-350D-4B92-9ECB-A5EA659F892E} = {C365EB98-2D39-4F3A-9028-BC71F8610EF7}
		{2241B5F2-062D-4EEC-A8CA-146F785BB4C9} = {EDBDBD31-1BEB-41FD-8A95-179E1F3D393E}
		{13D2BC81-376B-450C-82A7-0A0BE415F1C4} = {EDBDBD31-1BEB-41FD-8A95-179E1F3D393E}
		{3CB45700-B92D-477D-9229-BE511B2D044A} = {EDBDBD31-1BEB-41FD-8A95-179E1F3D393E}
		{1FF69821-18BA-4E06-BEE8-38A140DB68C7} = {EDBDBD31-1BEB-41FD-8A95-179E1F3D393E}
		{6AA242A6-A85E-46F8-9B9C-157CC7FF5195} = {EDBDBD31-1BEB-41FD-8A95-179E1F3D393E}
		{A9CDDC4A-068F-4679-9355-6CFFF84CF4EE} = {EDBDBD31-1BEB-41FD-8A95-179E1F3D393E}
		{D5AB3541-F915-4747-9C13-50F38F810AE3} = {EDBDBD31-1BEB-41FD-8A95-179E1F3D393E}
		{2E1F9429-FB45-4478-8FBE-196A3391CC98} = {EDBDBD31-1BEB-41FD-8A95-179E1F3D393E}
		{79124386-2E56-4A93-9CC7-588928F8C54A} = {4CAEF970-61EB-4A08-9F38-94A3543CF2F2}
	EndGlobalSection
EndGlobal
